
Microsoft Visual Studio Solution File, Format Version 12.00
# Visual Studio Version 17
VisualStudioVersion = 17.8.34511.84
MinimumVisualStudioVersion = 10.0.40219.1
Project("{FAE04EC0-301F-11D3-BF4B-00C04F79EFBC}") = "OrleansWebAPIServer", "OrleansWebAPIServer.csproj", "{EF65B938-6701-4D56-AAAB-1B869BA96FAE}"
EndProject
Global
	GlobalSection(SolutionConfigurationPlatforms) = preSolution
		Debug|Any CPU = Debug|Any CPU
		Release|Any CPU = Release|Any CPU
	EndGlobalSection
	GlobalSection(ProjectConfigurationPlatforms) = postSolution
		{EF65B938-6701-4D56-AAAB-1B869BA96FAE}.Debug|Any CPU.ActiveCfg = Debug|Any CPU
		{EF65B938-6701-4D56-AAAB-1B869BA96FAE}.Debug|Any CPU.Build.0 = Debug|Any CPU
		{EF65B938-6701-4D56-AAAB-1B869BA96FAE}.Release|Any CPU.ActiveCfg = Release|Any CPU
		{EF65B938-6701-4D56-AAAB-1B869BA96FAE}.Release|Any CPU.Build.0 = Release|Any CPU
	EndGlobalSection
	GlobalSection(SolutionProperties) = preSolution
		HideSolutionNode = FALSE
	EndGlobalSection
	GlobalSection(ExtensibilityGlobals) = postSolution
		SolutionGuid = {4F45F968-1BB5-43D6-B1E0-BB2D06E112B6}
	EndGlobalSection
EndGlobal
